
Microsoft Visual Studio Solution File, Format Version 12.00
# Visual Studio 14
VisualStudioVersion = 14.0.25123.0
MinimumVisualStudioVersion = 10.0.40219.1
Project("{FAE04EC0-301F-11D3-BF4B-00C04F79EFBC}") = "SimpleHttpServer", "SimpleHttpServer\SimpleHttpServer.csproj", "{9E139539-C272-488A-BFCF-CADDF458DF9D}"
EndProject
Project("{2150E333-8FDC-42A3-9474-1A3956D46DE8}") = "Tests", "Tests", "{170DADDD-BDC9-4FAB-A850-E4E2B8DFF24D}"
EndProject
Project("{FAE04EC0-301F-11D3-BF4B-00C04F79EFBC}") = "SimpleHttpServer.Test", "SimpleHttpServer.Test\SimpleHttpServer.Test.csproj", "{A04B89BA-8FB7-44F1-8343-BB51ED1017A0}"
EndProject
Global
	GlobalSection(SolutionConfigurationPlatforms) = preSolution
		Debug|Any CPU = Debug|Any CPU
		Release|Any CPU = Release|Any CPU
	EndGlobalSection
	GlobalSection(ProjectConfigurationPlatforms) = postSolution
		{9E139539-C272-488A-BFCF-CADDF458DF9D}.Debug|Any CPU.ActiveCfg = Debug|x86
		{9E139539-C272-488A-BFCF-CADDF458DF9D}.Release|Any CPU.ActiveCfg = Release|x86
		{A04B89BA-8FB7-44F1-8343-BB51ED1017A0}.Debug|Any CPU.ActiveCfg = Debug|Any CPU
		{A04B89BA-8FB7-44F1-8343-BB51ED1017A0}.Debug|Any CPU.Build.0 = Debug|Any CPU
		{A04B89BA-8FB7-44F1-8343-BB51ED1017A0}.Release|Any CPU.ActiveCfg = Release|Any CPU
		{A04B89BA-8FB7-44F1-8343-BB51ED1017A0}.Release|Any CPU.Build.0 = Release|Any CPU
	EndGlobalSection
	GlobalSection(SolutionProperties) = preSolution
		HideSolutionNode = FALSE
	EndGlobalSection
	GlobalSection(NestedProjects) = preSolution
		{A04B89BA-8FB7-44F1-8343-BB51ED1017A0} = {170DADDD-BDC9-4FAB-A850-E4E2B8DFF24D}
	EndGlobalSection
EndGlobal
